// !$*UTF8*$!
{
	archiveVersion = 1;
	classes = {
	};
	objectVersion = 51;
	objects = {

/* Begin PBXBuildFile section */
		0993CA3173F9D349D44733AD /* Pods_aaa_aaaUITests.framework in Frameworks */ = {isa = PBXBuildFile; fileRef = 46CB3AFFADB1D57710B8AF46 /* Pods_aaa_aaaUITests.framework */; };
		73D1886105B324D0F3C80732 /* Pods_aaaTests.framework in Frameworks */ = {isa = PBXBuildFile; fileRef = 8BD77C2C4F05D6730B6B1BF3 /* Pods_aaaTests.framework */; };
		9ADAC46C70FD0F879580D7BE /* Pods_aaa.framework in Frameworks */ = {isa = PBXBuildFile; fileRef = 7760D3AD8D4DE652161CC7F1 /* Pods_aaa.framework */; };
		CE132AA82682140B00A21959 /* AVFoundationVM.swift in Sources */ = {isa = PBXBuildFile; fileRef = CE132AA72682140B00A21959 /* AVFoundationVM.swift */; };
		CE279BD626817CAD005E5E04 /* GoogleService-Info.plist in Resources */ = {isa = PBXBuildFile; fileRef = CE279BD526817CAD005E5E04 /* GoogleService-Info.plist */; };
		CE9E7334268AC2960032841E /* PlayerView.swift in Sources */ = {isa = PBXBuildFile; fileRef = CE9E7333268AC2960032841E /* PlayerView.swift */; };
		CE9E7336268C08C00032841E /* PoseDetection.swift in Sources */ = {isa = PBXBuildFile; fileRef = CE9E7335268C08C00032841E /* PoseDetection.swift */; };
		CEC5BA69267AE10500C7CB1F /* aaaApp.swift in Sources */ = {isa = PBXBuildFile; fileRef = CEC5BA68267AE10500C7CB1F /* aaaApp.swift */; };
		CEC5BA6B267AE10500C7CB1F /* ContentView.swift in Sources */ = {isa = PBXBuildFile; fileRef = CEC5BA6A267AE10500C7CB1F /* ContentView.swift */; };
		CEC5BA6D267AE10A00C7CB1F /* Assets.xcassets in Resources */ = {isa = PBXBuildFile; fileRef = CEC5BA6C267AE10A00C7CB1F /* Assets.xcassets */; };
		CEC5BA70267AE10A00C7CB1F /* Preview Assets.xcassets in Resources */ = {isa = PBXBuildFile; fileRef = CEC5BA6F267AE10A00C7CB1F /* Preview Assets.xcassets */; };
		CEC5BA7B267AE10A00C7CB1F /* aaaTests.swift in Sources */ = {isa = PBXBuildFile; fileRef = CEC5BA7A267AE10A00C7CB1F /* aaaTests.swift */; };
		CEC5BA86267AE10A00C7CB1F /* aaaUITests.swift in Sources */ = {isa = PBXBuildFile; fileRef = CEC5BA85267AE10A00C7CB1F /* aaaUITests.swift */; };
		CEC8A085267B819300D36718 /* LoginView.swift in Sources */ = {isa = PBXBuildFile; fileRef = CEC8A084267B819300D36718 /* LoginView.swift */; };
		CEC8A087267B856000D36718 /* VideoUIView.swift in Sources */ = {isa = PBXBuildFile; fileRef = CEC8A086267B856000D36718 /* VideoUIView.swift */; };
		CEC8A08A267C35FE00D36718 /* AVFoundation.framework in Frameworks */ = {isa = PBXBuildFile; fileRef = CEC8A089267C35FE00D36718 /* AVFoundation.framework */; };
		CEC8A08C267CD97900D36718 /* RootView.swift in Sources */ = {isa = PBXBuildFile; fileRef = CEC8A08B267CD97900D36718 /* RootView.swift */; };
/* End PBXBuildFile section */

/* Begin PBXContainerItemProxy section */
		CEC5BA77267AE10A00C7CB1F /* PBXContainerItemProxy */ = {
			isa = PBXContainerItemProxy;
			containerPortal = CEC5BA5D267AE10400C7CB1F /* Project object */;
			proxyType = 1;
			remoteGlobalIDString = CEC5BA64267AE10500C7CB1F;
			remoteInfo = aaa;
		};
		CEC5BA82267AE10A00C7CB1F /* PBXContainerItemProxy */ = {
			isa = PBXContainerItemProxy;
			containerPortal = CEC5BA5D267AE10400C7CB1F /* Project object */;
			proxyType = 1;
			remoteGlobalIDString = CEC5BA64267AE10500C7CB1F;
			remoteInfo = aaa;
		};
/* End PBXContainerItemProxy section */

/* Begin PBXFileReference section */
		3030B8BC875539410E4B27EC /* Pods-aaa-aaaUITests.debug.xcconfig */ = {isa = PBXFileReference; includeInIndex = 1; lastKnownFileType = text.xcconfig; name = "Pods-aaa-aaaUITests.debug.xcconfig"; path = "Target Support Files/Pods-aaa-aaaUITests/Pods-aaa-aaaUITests.debug.xcconfig"; sourceTree = "<group>"; };
		3AA64E73351B0E3480497963 /* Pods-aaaTests.debug.xcconfig */ = {isa = PBXFileReference; includeInIndex = 1; lastKnownFileType = text.xcconfig; name = "Pods-aaaTests.debug.xcconfig"; path = "Target Support Files/Pods-aaaTests/Pods-aaaTests.debug.xcconfig"; sourceTree = "<group>"; };
		46CB3AFFADB1D57710B8AF46 /* Pods_aaa_aaaUITests.framework */ = {isa = PBXFileReference; explicitFileType = wrapper.framework; includeInIndex = 0; path = Pods_aaa_aaaUITests.framework; sourceTree = BUILT_PRODUCTS_DIR; };
		5E8FADDDA58D10CEA3E940D5 /* Pods-aaa-aaaUITests.release.xcconfig */ = {isa = PBXFileReference; includeInIndex = 1; lastKnownFileType = text.xcconfig; name = "Pods-aaa-aaaUITests.release.xcconfig"; path = "Target Support Files/Pods-aaa-aaaUITests/Pods-aaa-aaaUITests.release.xcconfig"; sourceTree = "<group>"; };
		7760D3AD8D4DE652161CC7F1 /* Pods_aaa.framework */ = {isa = PBXFileReference; explicitFileType = wrapper.framework; includeInIndex = 0; path = Pods_aaa.framework; sourceTree = BUILT_PRODUCTS_DIR; };
		77FB1E3864BDB0FFFBF1470D /* Pods-aaaTests.release.xcconfig */ = {isa = PBXFileReference; includeInIndex = 1; lastKnownFileType = text.xcconfig; name = "Pods-aaaTests.release.xcconfig"; path = "Target Support Files/Pods-aaaTests/Pods-aaaTests.release.xcconfig"; sourceTree = "<group>"; };
		84269177F2A978EF91A708C6 /* Pods-aaa.release.xcconfig */ = {isa = PBXFileReference; includeInIndex = 1; lastKnownFileType = text.xcconfig; name = "Pods-aaa.release.xcconfig"; path = "Target Support Files/Pods-aaa/Pods-aaa.release.xcconfig"; sourceTree = "<group>"; };
		8BD77C2C4F05D6730B6B1BF3 /* Pods_aaaTests.framework */ = {isa = PBXFileReference; explicitFileType = wrapper.framework; includeInIndex = 0; path = Pods_aaaTests.framework; sourceTree = BUILT_PRODUCTS_DIR; };
		B8C6B623EE88FF5C36D04AB7 /* Pods-aaa.debug.xcconfig */ = {isa = PBXFileReference; includeInIndex = 1; lastKnownFileType = text.xcconfig; name = "Pods-aaa.debug.xcconfig"; path = "Target Support Files/Pods-aaa/Pods-aaa.debug.xcconfig"; sourceTree = "<group>"; };
		CE1329F72681824400A21959 /* RealmSwift.framework */ = {isa = PBXFileReference; explicitFileType = wrapper.framework; path = RealmSwift.framework; sourceTree = BUILT_PRODUCTS_DIR; };
		CE132AA72682140B00A21959 /* AVFoundationVM.swift */ = {isa = PBXFileReference; lastKnownFileType = sourcecode.swift; path = AVFoundationVM.swift; sourceTree = "<group>"; };
		CE279BD526817CAD005E5E04 /* GoogleService-Info.plist */ = {isa = PBXFileReference; fileEncoding = 4; lastKnownFileType = text.plist.xml; name = "GoogleService-Info.plist"; path = "../../../Downloads/GoogleService-Info.plist"; sourceTree = "<group>"; };
		CE9E7333268AC2960032841E /* PlayerView.swift */ = {isa = PBXFileReference; lastKnownFileType = sourcecode.swift; path = PlayerView.swift; sourceTree = "<group>"; };
		CE9E7335268C08C00032841E /* PoseDetection.swift */ = {isa = PBXFileReference; lastKnownFileType = sourcecode.swift; path = PoseDetection.swift; sourceTree = "<group>"; };
		CEC5BA65267AE10500C7CB1F /* aaa.app */ = {isa = PBXFileReference; explicitFileType = wrapper.application; includeInIndex = 0; path = aaa.app; sourceTree = BUILT_PRODUCTS_DIR; };
		CEC5BA68267AE10500C7CB1F /* aaaApp.swift */ = {isa = PBXFileReference; lastKnownFileType = sourcecode.swift; path = aaaApp.swift; sourceTree = "<group>"; };
		CEC5BA6A267AE10500C7CB1F /* ContentView.swift */ = {isa = PBXFileReference; lastKnownFileType = sourcecode.swift; path = ContentView.swift; sourceTree = "<group>"; };
		CEC5BA6C267AE10A00C7CB1F /* Assets.xcassets */ = {isa = PBXFileReference; lastKnownFileType = folder.assetcatalog; path = Assets.xcassets; sourceTree = "<group>"; };
		CEC5BA6F267AE10A00C7CB1F /* Preview Assets.xcassets */ = {isa = PBXFileReference; lastKnownFileType = folder.assetcatalog; path = "Preview Assets.xcassets"; sourceTree = "<group>"; };
		CEC5BA71267AE10A00C7CB1F /* Info.plist */ = {isa = PBXFileReference; lastKnownFileType = text.plist.xml; path = Info.plist; sourceTree = "<group>"; };
		CEC5BA76267AE10A00C7CB1F /* aaaTests.xctest */ = {isa = PBXFileReference; explicitFileType = wrapper.cfbundle; includeInIndex = 0; path = aaaTests.xctest; sourceTree = BUILT_PRODUCTS_DIR; };
		CEC5BA7A267AE10A00C7CB1F /* aaaTests.swift */ = {isa = PBXFileReference; lastKnownFileType = sourcecode.swift; path = aaaTests.swift; sourceTree = "<group>"; };
		CEC5BA7C267AE10A00C7CB1F /* Info.plist */ = {isa = PBXFileReference; lastKnownFileType = text.plist.xml; path = Info.plist; sourceTree = "<group>"; };
		CEC5BA81267AE10A00C7CB1F /* aaaUITests.xctest */ = {isa = PBXFileReference; explicitFileType = wrapper.cfbundle; includeInIndex = 0; path = aaaUITests.xctest; sourceTree = BUILT_PRODUCTS_DIR; };
		CEC5BA85267AE10A00C7CB1F /* aaaUITests.swift */ = {isa = PBXFileReference; lastKnownFileType = sourcecode.swift; path = aaaUITests.swift; sourceTree = "<group>"; };
		CEC5BA87267AE10A00C7CB1F /* Info.plist */ = {isa = PBXFileReference; lastKnownFileType = text.plist.xml; path = Info.plist; sourceTree = "<group>"; };
		CEC8A084267B819300D36718 /* LoginView.swift */ = {isa = PBXFileReference; lastKnownFileType = sourcecode.swift; path = LoginView.swift; sourceTree = "<group>"; };
		CEC8A086267B856000D36718 /* VideoUIView.swift */ = {isa = PBXFileReference; lastKnownFileType = sourcecode.swift; path = VideoUIView.swift; sourceTree = "<group>"; };
		CEC8A089267C35FE00D36718 /* AVFoundation.framework */ = {isa = PBXFileReference; lastKnownFileType = wrapper.framework; name = AVFoundation.framework; path = System/Library/Frameworks/AVFoundation.framework; sourceTree = SDKROOT; };
		CEC8A08B267CD97900D36718 /* RootView.swift */ = {isa = PBXFileReference; lastKnownFileType = sourcecode.swift; path = RootView.swift; sourceTree = "<group>"; };
/* End PBXFileReference section */

/* Begin PBXFrameworksBuildPhase section */
		CEC5BA62267AE10500C7CB1F /* Frameworks */ = {
			isa = PBXFrameworksBuildPhase;
			buildActionMask = 2147483647;
			files = (
				CEC8A08A267C35FE00D36718 /* AVFoundation.framework in Frameworks */,
				9ADAC46C70FD0F879580D7BE /* Pods_aaa.framework in Frameworks */,
			);
			runOnlyForDeploymentPostprocessing = 0;
		};
		CEC5BA73267AE10A00C7CB1F /* Frameworks */ = {
			isa = PBXFrameworksBuildPhase;
			buildActionMask = 2147483647;
			files = (
				73D1886105B324D0F3C80732 /* Pods_aaaTests.framework in Frameworks */,
			);
			runOnlyForDeploymentPostprocessing = 0;
		};
		CEC5BA7E267AE10A00C7CB1F /* Frameworks */ = {
			isa = PBXFrameworksBuildPhase;
			buildActionMask = 2147483647;
			files = (
				0993CA3173F9D349D44733AD /* Pods_aaa_aaaUITests.framework in Frameworks */,
			);
			runOnlyForDeploymentPostprocessing = 0;
		};
/* End PBXFrameworksBuildPhase section */

/* Begin PBXGroup section */
		2E45241F4B792FC9D472C5CF /* Pods */ = {
			isa = PBXGroup;
			children = (
				B8C6B623EE88FF5C36D04AB7 /* Pods-aaa.debug.xcconfig */,
				84269177F2A978EF91A708C6 /* Pods-aaa.release.xcconfig */,
				3030B8BC875539410E4B27EC /* Pods-aaa-aaaUITests.debug.xcconfig */,
				5E8FADDDA58D10CEA3E940D5 /* Pods-aaa-aaaUITests.release.xcconfig */,
				3AA64E73351B0E3480497963 /* Pods-aaaTests.debug.xcconfig */,
				77FB1E3864BDB0FFFBF1470D /* Pods-aaaTests.release.xcconfig */,
			);
			path = Pods;
			sourceTree = "<group>";
		};
		CE1329F9268185A500A21959 /* View */ = {
			isa = PBXGroup;
			children = (
				CEC8A08B267CD97900D36718 /* RootView.swift */,
				CEC8A084267B819300D36718 /* LoginView.swift */,
				CEC8A086267B856000D36718 /* VideoUIView.swift */,
				CEC5BA6A267AE10500C7CB1F /* ContentView.swift */,
				CE9E7333268AC2960032841E /* PlayerView.swift */,
			);
			path = View;
			sourceTree = "<group>";
		};
		CEC5BA5C267AE10400C7CB1F = {
			isa = PBXGroup;
			children = (
				CEC5BA67267AE10500C7CB1F /* aaa */,
				CEC5BA79267AE10A00C7CB1F /* aaaTests */,
				CEC5BA84267AE10A00C7CB1F /* aaaUITests */,
				CEC5BA66267AE10500C7CB1F /* Products */,
				CEC8A088267C35FE00D36718 /* Frameworks */,
				2E45241F4B792FC9D472C5CF /* Pods */,
			);
			sourceTree = "<group>";
		};
		CEC5BA66267AE10500C7CB1F /* Products */ = {
			isa = PBXGroup;
			children = (
				CEC5BA65267AE10500C7CB1F /* aaa.app */,
				CEC5BA76267AE10A00C7CB1F /* aaaTests.xctest */,
				CEC5BA81267AE10A00C7CB1F /* aaaUITests.xctest */,
			);
			name = Products;
			sourceTree = "<group>";
		};
		CEC5BA67267AE10500C7CB1F /* aaa */ = {
			isa = PBXGroup;
			children = (
				CE1329F9268185A500A21959 /* View */,
				CEC5BA68267AE10500C7CB1F /* aaaApp.swift */,
				CEC5BA6C267AE10A00C7CB1F /* Assets.xcassets */,
				CEC5BA71267AE10A00C7CB1F /* Info.plist */,
				CE279BD526817CAD005E5E04 /* GoogleService-Info.plist */,
				CEC5BA6E267AE10A00C7CB1F /* Preview Content */,
				CE132AA72682140B00A21959 /* AVFoundationVM.swift */,
				CE9E7335268C08C00032841E /* PoseDetection.swift */,
			);
			path = aaa;
			sourceTree = "<group>";
		};
		CEC5BA6E267AE10A00C7CB1F /* Preview Content */ = {
			isa = PBXGroup;
			children = (
				CEC5BA6F267AE10A00C7CB1F /* Preview Assets.xcassets */,
			);
			path = "Preview Content";
			sourceTree = "<group>";
		};
		CEC5BA79267AE10A00C7CB1F /* aaaTests */ = {
			isa = PBXGroup;
			children = (
				CEC5BA7A267AE10A00C7CB1F /* aaaTests.swift */,
				CEC5BA7C267AE10A00C7CB1F /* Info.plist */,
			);
			path = aaaTests;
			sourceTree = "<group>";
		};
		CEC5BA84267AE10A00C7CB1F /* aaaUITests */ = {
			isa = PBXGroup;
			children = (
				CEC5BA85267AE10A00C7CB1F /* aaaUITests.swift */,
				CEC5BA87267AE10A00C7CB1F /* Info.plist */,
			);
			path = aaaUITests;
			sourceTree = "<group>";
		};
		CEC8A088267C35FE00D36718 /* Frameworks */ = {
			isa = PBXGroup;
			children = (
				CE1329F72681824400A21959 /* RealmSwift.framework */,
				CEC8A089267C35FE00D36718 /* AVFoundation.framework */,
				7760D3AD8D4DE652161CC7F1 /* Pods_aaa.framework */,
				46CB3AFFADB1D57710B8AF46 /* Pods_aaa_aaaUITests.framework */,
				8BD77C2C4F05D6730B6B1BF3 /* Pods_aaaTests.framework */,
			);
			name = Frameworks;
			sourceTree = "<group>";
		};
/* End PBXGroup section */

/* Begin PBXNativeTarget section */
		CEC5BA64267AE10500C7CB1F /* aaa */ = {
			isa = PBXNativeTarget;
			buildConfigurationList = CEC5BA8A267AE10A00C7CB1F /* Build configuration list for PBXNativeTarget "aaa" */;
			buildPhases = (
				BAFAC3590149E837BBD41F41 /* [CP] Check Pods Manifest.lock */,
				CEC5BA61267AE10500C7CB1F /* Sources */,
				CEC5BA62267AE10500C7CB1F /* Frameworks */,
				CEC5BA63267AE10500C7CB1F /* Resources */,
				A7835EEC53F8FA754D0C7CDD /* [CP] Embed Pods Frameworks */,
				E4504865D9F2FCB459488399 /* [CP] Copy Pods Resources */,
			);
			buildRules = (
			);
			dependencies = (
			);
			name = aaa;
			productName = aaa;
			productReference = CEC5BA65267AE10500C7CB1F /* aaa.app */;
			productType = "com.apple.product-type.application";
		};
		CEC5BA75267AE10A00C7CB1F /* aaaTests */ = {
			isa = PBXNativeTarget;
			buildConfigurationList = CEC5BA8D267AE10A00C7CB1F /* Build configuration list for PBXNativeTarget "aaaTests" */;
			buildPhases = (
				7DD1628963BA20E630A7DDE4 /* [CP] Check Pods Manifest.lock */,
				CEC5BA72267AE10A00C7CB1F /* Sources */,
				CEC5BA73267AE10A00C7CB1F /* Frameworks */,
				CEC5BA74267AE10A00C7CB1F /* Resources */,
			);
			buildRules = (
			);
			dependencies = (
				CEC5BA78267AE10A00C7CB1F /* PBXTargetDependency */,
			);
			name = aaaTests;
			productName = aaaTests;
			productReference = CEC5BA76267AE10A00C7CB1F /* aaaTests.xctest */;
			productType = "com.apple.product-type.bundle.unit-test";
		};
		CEC5BA80267AE10A00C7CB1F /* aaaUITests */ = {
			isa = PBXNativeTarget;
			buildConfigurationList = CEC5BA90267AE10A00C7CB1F /* Build configuration list for PBXNativeTarget "aaaUITests" */;
			buildPhases = (
				B72E6FCB69B98DDB950074CA /* [CP] Check Pods Manifest.lock */,
				CEC5BA7D267AE10A00C7CB1F /* Sources */,
				CEC5BA7E267AE10A00C7CB1F /* Frameworks */,
				CEC5BA7F267AE10A00C7CB1F /* Resources */,
				DE5CD12D83E7A207DF9FB9EA /* [CP] Embed Pods Frameworks */,
				6FD85B628D1037AEEA660CE6 /* [CP] Copy Pods Resources */,
			);
			buildRules = (
			);
			dependencies = (
				CEC5BA83267AE10A00C7CB1F /* PBXTargetDependency */,
			);
			name = aaaUITests;
			productName = aaaUITests;
			productReference = CEC5BA81267AE10A00C7CB1F /* aaaUITests.xctest */;
			productType = "com.apple.product-type.bundle.ui-testing";
		};
/* End PBXNativeTarget section */

/* Begin PBXProject section */
		CEC5BA5D267AE10400C7CB1F /* Project object */ = {
			isa = PBXProject;
			attributes = {
				LastSwiftUpdateCheck = 1250;
				LastUpgradeCheck = 1250;
				TargetAttributes = {
					CEC5BA64267AE10500C7CB1F = {
						CreatedOnToolsVersion = 12.5;
					};
					CEC5BA75267AE10A00C7CB1F = {
						CreatedOnToolsVersion = 12.5;
						TestTargetID = CEC5BA64267AE10500C7CB1F;
					};
					CEC5BA80267AE10A00C7CB1F = {
						CreatedOnToolsVersion = 12.5;
						TestTargetID = CEC5BA64267AE10500C7CB1F;
					};
				};
			};
			buildConfigurationList = CEC5BA60267AE10400C7CB1F /* Build configuration list for PBXProject "aaa" */;
			compatibilityVersion = "Xcode 9.3";
			developmentRegion = en;
			hasScannedForEncodings = 0;
			knownRegions = (
				en,
				Base,
			);
			mainGroup = CEC5BA5C267AE10400C7CB1F;
			productRefGroup = CEC5BA66267AE10500C7CB1F /* Products */;
			projectDirPath = "";
			projectRoot = "";
			targets = (
				CEC5BA64267AE10500C7CB1F /* aaa */,
				CEC5BA75267AE10A00C7CB1F /* aaaTests */,
				CEC5BA80267AE10A00C7CB1F /* aaaUITests */,
			);
		};
/* End PBXProject section */

/* Begin PBXResourcesBuildPhase section */
		CEC5BA63267AE10500C7CB1F /* Resources */ = {
			isa = PBXResourcesBuildPhase;
			buildActionMask = 2147483647;
			files = (
				CEC5BA70267AE10A00C7CB1F /* Preview Assets.xcassets in Resources */,
				CEC5BA6D267AE10A00C7CB1F /* Assets.xcassets in Resources */,
				CE279BD626817CAD005E5E04 /* GoogleService-Info.plist in Resources */,
			);
			runOnlyForDeploymentPostprocessing = 0;
		};
		CEC5BA74267AE10A00C7CB1F /* Resources */ = {
			isa = PBXResourcesBuildPhase;
			buildActionMask = 2147483647;
			files = (
			);
			runOnlyForDeploymentPostprocessing = 0;
		};
		CEC5BA7F267AE10A00C7CB1F /* Resources */ = {
			isa = PBXResourcesBuildPhase;
			buildActionMask = 2147483647;
			files = (
			);
			runOnlyForDeploymentPostprocessing = 0;
		};
/* End PBXResourcesBuildPhase section */

/* Begin PBXShellScriptBuildPhase section */
		6FD85B628D1037AEEA660CE6 /* [CP] Copy Pods Resources */ = {
			isa = PBXShellScriptBuildPhase;
			buildActionMask = 2147483647;
			files = (
			);
			inputFileListPaths = (
				"${PODS_ROOT}/Target Support Files/Pods-aaa-aaaUITests/Pods-aaa-aaaUITests-resources-${CONFIGURATION}-input-files.xcfilelist",
			);
			name = "[CP] Copy Pods Resources";
			outputFileListPaths = (
				"${PODS_ROOT}/Target Support Files/Pods-aaa-aaaUITests/Pods-aaa-aaaUITests-resources-${CONFIGURATION}-output-files.xcfilelist",
			);
			runOnlyForDeploymentPostprocessing = 0;
			shellPath = /bin/sh;
			shellScript = "\"${PODS_ROOT}/Target Support Files/Pods-aaa-aaaUITests/Pods-aaa-aaaUITests-resources.sh\"\n";
			showEnvVarsInLog = 0;
		};
		7DD1628963BA20E630A7DDE4 /* [CP] Check Pods Manifest.lock */ = {
			isa = PBXShellScriptBuildPhase;
			buildActionMask = 2147483647;
			files = (
			);
			inputFileListPaths = (
			);
			inputPaths = (
				"${PODS_PODFILE_DIR_PATH}/Podfile.lock",
				"${PODS_ROOT}/Manifest.lock",
			);
			name = "[CP] Check Pods Manifest.lock";
			outputFileListPaths = (
			);
			outputPaths = (
				"$(DERIVED_FILE_DIR)/Pods-aaaTests-checkManifestLockResult.txt",
			);
			runOnlyForDeploymentPostprocessing = 0;
			shellPath = /bin/sh;
			shellScript = "diff \"${PODS_PODFILE_DIR_PATH}/Podfile.lock\" \"${PODS_ROOT}/Manifest.lock\" > /dev/null\nif [ $? != 0 ] ; then\n    # print error to STDERR\n    echo \"error: The sandbox is not in sync with the Podfile.lock. Run 'pod install' or update your CocoaPods installation.\" >&2\n    exit 1\nfi\n# This output is used by Xcode 'outputs' to avoid re-running this script phase.\necho \"SUCCESS\" > \"${SCRIPT_OUTPUT_FILE_0}\"\n";
			showEnvVarsInLog = 0;
		};
		A7835EEC53F8FA754D0C7CDD /* [CP] Embed Pods Frameworks */ = {
			isa = PBXShellScriptBuildPhase;
			buildActionMask = 2147483647;
			files = (
			);
			inputFileListPaths = (
				"${PODS_ROOT}/Target Support Files/Pods-aaa/Pods-aaa-frameworks-${CONFIGURATION}-input-files.xcfilelist",
			);
			name = "[CP] Embed Pods Frameworks";
			outputFileListPaths = (
				"${PODS_ROOT}/Target Support Files/Pods-aaa/Pods-aaa-frameworks-${CONFIGURATION}-output-files.xcfilelist",
			);
			runOnlyForDeploymentPostprocessing = 0;
			shellPath = /bin/sh;
			shellScript = "\"${PODS_ROOT}/Target Support Files/Pods-aaa/Pods-aaa-frameworks.sh\"\n";
			showEnvVarsInLog = 0;
		};
		B72E6FCB69B98DDB950074CA /* [CP] Check Pods Manifest.lock */ = {
			isa = PBXShellScriptBuildPhase;
			buildActionMask = 2147483647;
			files = (
			);
			inputFileListPaths = (
			);
			inputPaths = (
				"${PODS_PODFILE_DIR_PATH}/Podfile.lock",
				"${PODS_ROOT}/Manifest.lock",
			);
			name = "[CP] Check Pods Manifest.lock";
			outputFileListPaths = (
			);
			outputPaths = (
				"$(DERIVED_FILE_DIR)/Pods-aaa-aaaUITests-checkManifestLockResult.txt",
			);
			runOnlyForDeploymentPostprocessing = 0;
			shellPath = /bin/sh;
			shellScript = "diff \"${PODS_PODFILE_DIR_PATH}/Podfile.lock\" \"${PODS_ROOT}/Manifest.lock\" > /dev/null\nif [ $? != 0 ] ; then\n    # print error to STDERR\n    echo \"error: The sandbox is not in sync with the Podfile.lock. Run 'pod install' or update your CocoaPods installation.\" >&2\n    exit 1\nfi\n# This output is used by Xcode 'outputs' to avoid re-running this script phase.\necho \"SUCCESS\" > \"${SCRIPT_OUTPUT_FILE_0}\"\n";
			showEnvVarsInLog = 0;
		};
		BAFAC3590149E837BBD41F41 /* [CP] Check Pods Manifest.lock */ = {
			isa = PBXShellScriptBuildPhase;
			buildActionMask = 2147483647;
			files = (
			);
			inputFileListPaths = (
			);
			inputPaths = (
				"${PODS_PODFILE_DIR_PATH}/Podfile.lock",
				"${PODS_ROOT}/Manifest.lock",
			);
			name = "[CP] Check Pods Manifest.lock";
			outputFileListPaths = (
			);
			outputPaths = (
				"$(DERIVED_FILE_DIR)/Pods-aaa-checkManifestLockResult.txt",
			);
			runOnlyForDeploymentPostprocessing = 0;
			shellPath = /bin/sh;
			shellScript = "diff \"${PODS_PODFILE_DIR_PATH}/Podfile.lock\" \"${PODS_ROOT}/Manifest.lock\" > /dev/null\nif [ $? != 0 ] ; then\n    # print error to STDERR\n    echo \"error: The sandbox is not in sync with the Podfile.lock. Run 'pod install' or update your CocoaPods installation.\" >&2\n    exit 1\nfi\n# This output is used by Xcode 'outputs' to avoid re-running this script phase.\necho \"SUCCESS\" > \"${SCRIPT_OUTPUT_FILE_0}\"\n";
			showEnvVarsInLog = 0;
		};
		DE5CD12D83E7A207DF9FB9EA /* [CP] Embed Pods Frameworks */ = {
			isa = PBXShellScriptBuildPhase;
			buildActionMask = 2147483647;
			files = (
			);
			inputFileListPaths = (
				"${PODS_ROOT}/Target Support Files/Pods-aaa-aaaUITests/Pods-aaa-aaaUITests-frameworks-${CONFIGURATION}-input-files.xcfilelist",
			);
			name = "[CP] Embed Pods Frameworks";
			outputFileListPaths = (
				"${PODS_ROOT}/Target Support Files/Pods-aaa-aaaUITests/Pods-aaa-aaaUITests-frameworks-${CONFIGURATION}-output-files.xcfilelist",
			);
			runOnlyForDeploymentPostprocessing = 0;
			shellPath = /bin/sh;
			shellScript = "\"${PODS_ROOT}/Target Support Files/Pods-aaa-aaaUITests/Pods-aaa-aaaUITests-frameworks.sh\"\n";
			showEnvVarsInLog = 0;
		};
		E4504865D9F2FCB459488399 /* [CP] Copy Pods Resources */ = {
			isa = PBXShellScriptBuildPhase;
			buildActionMask = 2147483647;
			files = (
			);
			inputFileListPaths = (
				"${PODS_ROOT}/Target Support Files/Pods-aaa/Pods-aaa-resources-${CONFIGURATION}-input-files.xcfilelist",
			);
			name = "[CP] Copy Pods Resources";
			outputFileListPaths = (
				"${PODS_ROOT}/Target Support Files/Pods-aaa/Pods-aaa-resources-${CONFIGURATION}-output-files.xcfilelist",
			);
			runOnlyForDeploymentPostprocessing = 0;
			shellPath = /bin/sh;
			shellScript = "\"${PODS_ROOT}/Target Support Files/Pods-aaa/Pods-aaa-resources.sh\"\n";
			showEnvVarsInLog = 0;
		};
/* End PBXShellScriptBuildPhase section */

/* Begin PBXSourcesBuildPhase section */
		CEC5BA61267AE10500C7CB1F /* Sources */ = {
			isa = PBXSourcesBuildPhase;
			buildActionMask = 2147483647;
			files = (
				CEC8A087267B856000D36718 /* VideoUIView.swift in Sources */,
				CEC8A085267B819300D36718 /* LoginView.swift in Sources */,
				CE9E7334268AC2960032841E /* PlayerView.swift in Sources */,
				CEC5BA6B267AE10500C7CB1F /* ContentView.swift in Sources */,
				CE9E7336268C08C00032841E /* PoseDetection.swift in Sources */,
				CEC5BA69267AE10500C7CB1F /* aaaApp.swift in Sources */,
				CE132AA82682140B00A21959 /* AVFoundationVM.swift in Sources */,
				CEC8A08C267CD97900D36718 /* RootView.swift in Sources */,
			);
			runOnlyForDeploymentPostprocessing = 0;
		};
		CEC5BA72267AE10A00C7CB1F /* Sources */ = {
			isa = PBXSourcesBuildPhase;
			buildActionMask = 2147483647;
			files = (
				CEC5BA7B267AE10A00C7CB1F /* aaaTests.swift in Sources */,
			);
			runOnlyForDeploymentPostprocessing = 0;
		};
		CEC5BA7D267AE10A00C7CB1F /* Sources */ = {
			isa = PBXSourcesBuildPhase;
			buildActionMask = 2147483647;
			files = (
				CEC5BA86267AE10A00C7CB1F /* aaaUITests.swift in Sources */,
			);
			runOnlyForDeploymentPostprocessing = 0;
		};
/* End PBXSourcesBuildPhase section */

/* Begin PBXTargetDependency section */
		CEC5BA78267AE10A00C7CB1F /* PBXTargetDependency */ = {
			isa = PBXTargetDependency;
			target = CEC5BA64267AE10500C7CB1F /* aaa */;
			targetProxy = CEC5BA77267AE10A00C7CB1F /* PBXContainerItemProxy */;
		};
		CEC5BA83267AE10A00C7CB1F /* PBXTargetDependency */ = {
			isa = PBXTargetDependency;
			target = CEC5BA64267AE10500C7CB1F /* aaa */;
			targetProxy = CEC5BA82267AE10A00C7CB1F /* PBXContainerItemProxy */;
		};
/* End PBXTargetDependency section */

/* Begin XCBuildConfiguration section */
		CEC5BA88267AE10A00C7CB1F /* Debug */ = {
			isa = XCBuildConfiguration;
			buildSettings = {
				ALWAYS_SEARCH_USER_PATHS = NO;
				CLANG_ANALYZER_NONNULL = YES;
				CLANG_ANALYZER_NUMBER_OBJECT_CONVERSION = YES_AGGRESSIVE;
				CLANG_CXX_LANGUAGE_STANDARD = "gnu++14";
				CLANG_CXX_LIBRARY = "libc++";
				CLANG_ENABLE_MODULES = YES;
				CLANG_ENABLE_OBJC_ARC = YES;
				CLANG_ENABLE_OBJC_WEAK = YES;
				CLANG_WARN_BLOCK_CAPTURE_AUTORELEASING = YES;
				CLANG_WARN_BOOL_CONVERSION = YES;
				CLANG_WARN_COMMA = YES;
				CLANG_WARN_CONSTANT_CONVERSION = YES;
				CLANG_WARN_DEPRECATED_OBJC_IMPLEMENTATIONS = YES;
				CLANG_WARN_DIRECT_OBJC_ISA_USAGE = YES_ERROR;
				CLANG_WARN_DOCUMENTATION_COMMENTS = YES;
				CLANG_WARN_EMPTY_BODY = YES;
				CLANG_WARN_ENUM_CONVERSION = YES;
				CLANG_WARN_INFINITE_RECURSION = YES;
				CLANG_WARN_INT_CONVERSION = YES;
				CLANG_WARN_NON_LITERAL_NULL_CONVERSION = YES;
				CLANG_WARN_OBJC_IMPLICIT_RETAIN_SELF = YES;
				CLANG_WARN_OBJC_LITERAL_CONVERSION = YES;
				CLANG_WARN_OBJC_ROOT_CLASS = YES_ERROR;
				CLANG_WARN_QUOTED_INCLUDE_IN_FRAMEWORK_HEADER = YES;
				CLANG_WARN_RANGE_LOOP_ANALYSIS = YES;
				CLANG_WARN_STRICT_PROTOTYPES = YES;
				CLANG_WARN_SUSPICIOUS_MOVE = YES;
				CLANG_WARN_UNGUARDED_AVAILABILITY = YES_AGGRESSIVE;
				CLANG_WARN_UNREACHABLE_CODE = YES;
				CLANG_WARN__DUPLICATE_METHOD_MATCH = YES;
				COPY_PHASE_STRIP = NO;
				DEBUG_INFORMATION_FORMAT = dwarf;
				ENABLE_STRICT_OBJC_MSGSEND = YES;
				ENABLE_TESTABILITY = YES;
				GCC_C_LANGUAGE_STANDARD = gnu11;
				GCC_DYNAMIC_NO_PIC = NO;
				GCC_NO_COMMON_BLOCKS = YES;
				GCC_OPTIMIZATION_LEVEL = 0;
				GCC_PREPROCESSOR_DEFINITIONS = (
					"DEBUG=1",
					"$(inherited)",
				);
				GCC_WARN_64_TO_32_BIT_CONVERSION = YES;
				GCC_WARN_ABOUT_RETURN_TYPE = YES_ERROR;
				GCC_WARN_UNDECLARED_SELECTOR = YES;
				GCC_WARN_UNINITIALIZED_AUTOS = YES_AGGRESSIVE;
				GCC_WARN_UNUSED_FUNCTION = YES;
				GCC_WARN_UNUSED_VARIABLE = YES;
				IPHONEOS_DEPLOYMENT_TARGET = 14.5;
				MTL_ENABLE_DEBUG_INFO = INCLUDE_SOURCE;
				MTL_FAST_MATH = YES;
				ONLY_ACTIVE_ARCH = YES;
				SDKROOT = iphoneos;
				SWIFT_ACTIVE_COMPILATION_CONDITIONS = DEBUG;
				SWIFT_OPTIMIZATION_LEVEL = "-Onone";
			};
			name = Debug;
		};
		CEC5BA89267AE10A00C7CB1F /* Release */ = {
			isa = XCBuildConfiguration;
			buildSettings = {
				ALWAYS_SEARCH_USER_PATHS = NO;
				CLANG_ANALYZER_NONNULL = YES;
				CLANG_ANALYZER_NUMBER_OBJECT_CONVERSION = YES_AGGRESSIVE;
				CLANG_CXX_LANGUAGE_STANDARD = "gnu++14";
				CLANG_CXX_LIBRARY = "libc++";
				CLANG_ENABLE_MODULES = YES;
				CLANG_ENABLE_OBJC_ARC = YES;
				CLANG_ENABLE_OBJC_WEAK = YES;
				CLANG_WARN_BLOCK_CAPTURE_AUTORELEASING = YES;
				CLANG_WARN_BOOL_CONVERSION = YES;
				CLANG_WARN_COMMA = YES;
				CLANG_WARN_CONSTANT_CONVERSION = YES;
				CLANG_WARN_DEPRECATED_OBJC_IMPLEMENTATIONS = YES;
				CLANG_WARN_DIRECT_OBJC_ISA_USAGE = YES_ERROR;
				CLANG_WARN_DOCUMENTATION_COMMENTS = YES;
				CLANG_WARN_EMPTY_BODY = YES;
				CLANG_WARN_ENUM_CONVERSION = YES;
				CLANG_WARN_INFINITE_RECURSION = YES;
				CLANG_WARN_INT_CONVERSION = YES;
				CLANG_WARN_NON_LITERAL_NULL_CONVERSION = YES;
				CLANG_WARN_OBJC_IMPLICIT_RETAIN_SELF = YES;
				CLANG_WARN_OBJC_LITERAL_CONVERSION = YES;
				CLANG_WARN_OBJC_ROOT_CLASS = YES_ERROR;
				CLANG_WARN_QUOTED_INCLUDE_IN_FRAMEWORK_HEADER = YES;
				CLANG_WARN_RANGE_LOOP_ANALYSIS = YES;
				CLANG_WARN_STRICT_PROTOTYPES = YES;
				CLANG_WARN_SUSPICIOUS_MOVE = YES;
				CLANG_WARN_UNGUARDED_AVAILABILITY = YES_AGGRESSIVE;
				CLANG_WARN_UNREACHABLE_CODE = YES;
				CLANG_WARN__DUPLICATE_METHOD_MATCH = YES;
				COPY_PHASE_STRIP = NO;
				DEBUG_INFORMATION_FORMAT = "dwarf-with-dsym";
				ENABLE_NS_ASSERTIONS = NO;
				ENABLE_STRICT_OBJC_MSGSEND = YES;
				GCC_C_LANGUAGE_STANDARD = gnu11;
				GCC_NO_COMMON_BLOCKS = YES;
				GCC_WARN_64_TO_32_BIT_CONVERSION = YES;
				GCC_WARN_ABOUT_RETURN_TYPE = YES_ERROR;
				GCC_WARN_UNDECLARED_SELECTOR = YES;
				GCC_WARN_UNINITIALIZED_AUTOS = YES_AGGRESSIVE;
				GCC_WARN_UNUSED_FUNCTION = YES;
				GCC_WARN_UNUSED_VARIABLE = YES;
				IPHONEOS_DEPLOYMENT_TARGET = 14.5;
				MTL_ENABLE_DEBUG_INFO = NO;
				MTL_FAST_MATH = YES;
				SDKROOT = iphoneos;
				SWIFT_COMPILATION_MODE = wholemodule;
				SWIFT_OPTIMIZATION_LEVEL = "-O";
				VALIDATE_PRODUCT = YES;
			};
			name = Release;
		};
		CEC5BA8B267AE10A00C7CB1F /* Debug */ = {
			isa = XCBuildConfiguration;
			baseConfigurationReference = B8C6B623EE88FF5C36D04AB7 /* Pods-aaa.debug.xcconfig */;
			buildSettings = {
				ASSETCATALOG_COMPILER_APPICON_NAME = AppIcon;
				ASSETCATALOG_COMPILER_GLOBAL_ACCENT_COLOR_NAME = AccentColor;
				CODE_SIGN_STYLE = Automatic;
				DEVELOPMENT_ASSET_PATHS = "\"aaa/Preview Content\"";
				DEVELOPMENT_TEAM = C4FH99N43Y;
				ENABLE_PREVIEWS = YES;
				EXCLUDED_ARCHS = "";
				INFOPLIST_FILE = aaa/Info.plist;
				IPHONEOS_DEPLOYMENT_TARGET = 14.0;
				LD_RUNPATH_SEARCH_PATHS = (
					"$(inherited)",
					"@executable_path/Frameworks",
				);
				ONLY_ACTIVE_ARCH = NO;
				PRODUCT_BUNDLE_IDENTIFIER = myapplication.aaa;
				PRODUCT_NAME = "$(TARGET_NAME)";
				SWIFT_VERSION = 5.0;
				TARGETED_DEVICE_FAMILY = "1,2";
			};
			name = Debug;
		};
		CEC5BA8C267AE10A00C7CB1F /* Release */ = {
			isa = XCBuildConfiguration;
			baseConfigurationReference = 84269177F2A978EF91A708C6 /* Pods-aaa.release.xcconfig */;
			buildSettings = {
				ASSETCATALOG_COMPILER_APPICON_NAME = AppIcon;
				ASSETCATALOG_COMPILER_GLOBAL_ACCENT_COLOR_NAME = AccentColor;
				CODE_SIGN_STYLE = Automatic;
				DEVELOPMENT_ASSET_PATHS = "\"aaa/Preview Content\"";
				DEVELOPMENT_TEAM = C4FH99N43Y;
				ENABLE_PREVIEWS = YES;
				EXCLUDED_ARCHS = "";
				INFOPLIST_FILE = aaa/Info.plist;
				IPHONEOS_DEPLOYMENT_TARGET = 14.0;
				LD_RUNPATH_SEARCH_PATHS = (
					"$(inherited)",
					"@executable_path/Frameworks",
				);
				PRODUCT_BUNDLE_IDENTIFIER = myapplication.aaa;
				PRODUCT_NAME = "$(TARGET_NAME)";
				SWIFT_VERSION = 5.0;
				TARGETED_DEVICE_FAMILY = "1,2";
			};
			name = Release;
		};
		CEC5BA8E267AE10A00C7CB1F /* Debug */ = {
			isa = XCBuildConfiguration;
			baseConfigurationReference = 3AA64E73351B0E3480497963 /* Pods-aaaTests.debug.xcconfig */;
			buildSettings = {
				ALWAYS_EMBED_SWIFT_STANDARD_LIBRARIES = YES;
				BUNDLE_LOADER = "$(TEST_HOST)";
				CODE_SIGN_STYLE = Automatic;
				INFOPLIST_FILE = aaaTests/Info.plist;
				IPHONEOS_DEPLOYMENT_TARGET = 14.0;
				LD_RUNPATH_SEARCH_PATHS = (
					"$(inherited)",
					"@executable_path/Frameworks",
					"@loader_path/Frameworks",
				);
				PRODUCT_BUNDLE_IDENTIFIER = myapplication.aaaTests;
				PRODUCT_NAME = "$(TARGET_NAME)";
				SWIFT_VERSION = 5.0;
				TARGETED_DEVICE_FAMILY = "1,2";
				TEST_HOST = "$(BUILT_PRODUCTS_DIR)/aaa.app/aaa";
			};
			name = Debug;
		};
		CEC5BA8F267AE10A00C7CB1F /* Release */ = {
			isa = XCBuildConfiguration;
			baseConfigurationReference = 77FB1E3864BDB0FFFBF1470D /* Pods-aaaTests.release.xcconfig */;
			buildSettings = {
				ALWAYS_EMBED_SWIFT_STANDARD_LIBRARIES = YES;
				BUNDLE_LOADER = "$(TEST_HOST)";
				CODE_SIGN_STYLE = Automatic;
				INFOPLIST_FILE = aaaTests/Info.plist;
				IPHONEOS_DEPLOYMENT_TARGET = 14.0;
				LD_RUNPATH_SEARCH_PATHS = (
					"$(inherited)",
					"@executable_path/Frameworks",
					"@loader_path/Frameworks",
				);
				PRODUCT_BUNDLE_IDENTIFIER = myapplication.aaaTests;
				PRODUCT_NAME = "$(TARGET_NAME)";
				SWIFT_VERSION = 5.0;
				TARGETED_DEVICE_FAMILY = "1,2";
				TEST_HOST = "$(BUILT_PRODUCTS_DIR)/aaa.app/aaa";
			};
			name = Release;
		};
		CEC5BA91267AE10A00C7CB1F /* Debug */ = {
			isa = XCBuildConfiguration;
			baseConfigurationReference = 3030B8BC875539410E4B27EC /* Pods-aaa-aaaUITests.debug.xcconfig */;
			buildSettings = {
				ALWAYS_EMBED_SWIFT_STANDARD_LIBRARIES = YES;
				CODE_SIGN_STYLE = Automatic;
				INFOPLIST_FILE = aaaUITests/Info.plist;
				LD_RUNPATH_SEARCH_PATHS = (
					"$(inherited)",
					"@executable_path/Frameworks",
					"@loader_path/Frameworks",
				);
				PRODUCT_BUNDLE_IDENTIFIER = myapplication.aaaUITests;
				PRODUCT_NAME = "$(TARGET_NAME)";
				SWIFT_VERSION = 5.0;
				TARGETED_DEVICE_FAMILY = "1,2";
				TEST_TARGET_NAME = aaa;
			};
			name = Debug;
		};
		CEC5BA92267AE10A00C7CB1F /* Release */ = {
			isa = XCBuildConfiguration;
			baseConfigurationReference = 5E8FADDDA58D10CEA3E940D5 /* Pods-aaa-aaaUITests.release.xcconfig */;
			buildSettings = {
				ALWAYS_EMBED_SWIFT_STANDARD_LIBRARIES = YES;
				CODE_SIGN_STYLE = Automatic;
				INFOPLIST_FILE = aaaUITests/Info.plist;
				LD_RUNPATH_SEARCH_PATHS = (
					"$(inherited)",
					"@executable_path/Frameworks",
					"@loader_path/Frameworks",
				);
				PRODUCT_BUNDLE_IDENTIFIER = myapplication.aaaUITests;
				PRODUCT_NAME = "$(TARGET_NAME)";
				SWIFT_VERSION = 5.0;
				TARGETED_DEVICE_FAMILY = "1,2";
				TEST_TARGET_NAME = aaa;
			};
			name = Release;
		};
/* End XCBuildConfiguration section */

/* Begin XCConfigurationList section */
		CEC5BA60267AE10400C7CB1F /* Build configuration list for PBXProject "aaa" */ = {
			isa = XCConfigurationList;
			buildConfigurations = (
				CEC5BA88267AE10A00C7CB1F /* Debug */,
				CEC5BA89267AE10A00C7CB1F /* Release */,
			);
			defaultConfigurationIsVisible = 0;
			defaultConfigurationName = Release;
		};
		CEC5BA8A267AE10A00C7CB1F /* Build configuration list for PBXNativeTarget "aaa" */ = {
			isa = XCConfigurationList;
			buildConfigurations = (
				CEC5BA8B267AE10A00C7CB1F /* Debug */,
				CEC5BA8C267AE10A00C7CB1F /* Release */,
			);
			defaultConfigurationIsVisible = 0;
			defaultConfigurationName = Release;
		};
		CEC5BA8D267AE10A00C7CB1F /* Build configuration list for PBXNativeTarget "aaaTests" */ = {
			isa = XCConfigurationList;
			buildConfigurations = (
				CEC5BA8E267AE10A00C7CB1F /* Debug */,
				CEC5BA8F267AE10A00C7CB1F /* Release */,
			);
			defaultConfigurationIsVisible = 0;
			defaultConfigurationName = Release;
		};
		CEC5BA90267AE10A00C7CB1F /* Build configuration list for PBXNativeTarget "aaaUITests" */ = {
			isa = XCConfigurationList;
			buildConfigurations = (
				CEC5BA91267AE10A00C7CB1F /* Debug */,
				CEC5BA92267AE10A00C7CB1F /* Release */,
			);
			defaultConfigurationIsVisible = 0;
			defaultConfigurationName = Release;
		};
/* End XCConfigurationList section */
	};
	rootObject = CEC5BA5D267AE10400C7CB1F /* Project object */;
}
